
Microsoft Visual Studio Solution File, Format Version 12.00
# Visual Studio 2012
Project("{FAE04EC0-301F-11D3-BF4B-00C04F79EFBC}") = "tresenraya", "tresenraya\tresenraya.csproj", "{4E65632D-4F77-414B-989C-90B84A650D49}"
EndProject
Global
	GlobalSection(SolutionConfigurationPlatforms) = preSolution
		Debug|iPhoneSimulator = Debug|iPhoneSimulator
		Release|iPhone = Release|iPhone
		Release|iPhoneSimulator = Release|iPhoneSimulator
		Debug|iPhone = Debug|iPhone
	EndGlobalSection
	GlobalSection(ProjectConfigurationPlatforms) = postSolution
		{4E65632D-4F77-414B-989C-90B84A650D49}.Debug|iPhoneSimulator.ActiveCfg = Debug|iPhoneSimulator
		{4E65632D-4F77-414B-989C-90B84A650D49}.Debug|iPhoneSimulator.Build.0 = Debug|iPhoneSimulator
		{4E65632D-4F77-414B-989C-90B84A650D49}.Release|iPhone.ActiveCfg = Release|iPhone
		{4E65632D-4F77-414B-989C-90B84A650D49}.Release|iPhone.Build.0 = Release|iPhone
		{4E65632D-4F77-414B-989C-90B84A650D49}.Release|iPhoneSimulator.ActiveCfg = Release|iPhoneSimulator
		{4E65632D-4F77-414B-989C-90B84A650D49}.Release|iPhoneSimulator.Build.0 = Release|iPhoneSimulator
		{4E65632D-4F77-414B-989C-90B84A650D49}.Debug|iPhone.ActiveCfg = Debug|iPhone
		{4E65632D-4F77-414B-989C-90B84A650D49}.Debug|iPhone.Build.0 = Debug|iPhone
	EndGlobalSection
EndGlobal
